
Microsoft Visual Studio Solution File, Format Version 12.00
# Visual Studio 15
VisualStudioVersion = 15.0.28307.168
MinimumVisualStudioVersion = 10.0.40219.1
Project("{FAE04EC0-301F-11D3-BF4B-00C04F79EFBC}") = "Kattis4-8", "Kattis4-8\Kattis4-8.csproj", "{06CCFD2F-17F3-45D5-BDFD-7314F487775F}"
EndProject
Global
	GlobalSection(SolutionConfigurationPlatforms) = preSolution
		Debug|Any CPU = Debug|Any CPU
		Release|Any CPU = Release|Any CPU
	EndGlobalSection
	GlobalSection(ProjectConfigurationPlatforms) = postSolution
		{06CCFD2F-17F3-45D5-BDFD-7314F487775F}.Debug|Any CPU.ActiveCfg = Debug|Any CPU
		{06CCFD2F-17F3-45D5-BDFD-7314F487775F}.Debug|Any CPU.Build.0 = Debug|Any CPU
		{06CCFD2F-17F3-45D5-BDFD-7314F487775F}.Release|Any CPU.ActiveCfg = Release|Any CPU
		{06CCFD2F-17F3-45D5-BDFD-7314F487775F}.Release|Any CPU.Build.0 = Release|Any CPU
	EndGlobalSection
	GlobalSection(SolutionProperties) = preSolution
		HideSolutionNode = FALSE
	EndGlobalSection
	GlobalSection(ExtensibilityGlobals) = postSolution
		SolutionGuid = {81CED37A-675C-4468-8496-69670CF6B2FC}
	EndGlobalSection
EndGlobal
