
Microsoft Visual Studio Solution File, Format Version 12.00
# Visual Studio 15
VisualStudioVersion = 15.0.28307.168
MinimumVisualStudioVersion = 10.0.40219.1
Project("{FAE04EC0-301F-11D3-BF4B-00C04F79EFBC}") = "Tarifa", "Tarifa\Tarifa.csproj", "{142D464D-980D-47ED-8791-BE5A0B18779A}"
EndProject
Global
	GlobalSection(SolutionConfigurationPlatforms) = preSolution
		Debug|Any CPU = Debug|Any CPU
		Release|Any CPU = Release|Any CPU
	EndGlobalSection
	GlobalSection(ProjectConfigurationPlatforms) = postSolution
		{142D464D-980D-47ED-8791-BE5A0B18779A}.Debug|Any CPU.ActiveCfg = Debug|Any CPU
		{142D464D-980D-47ED-8791-BE5A0B18779A}.Debug|Any CPU.Build.0 = Debug|Any CPU
		{142D464D-980D-47ED-8791-BE5A0B18779A}.Release|Any CPU.ActiveCfg = Release|Any CPU
		{142D464D-980D-47ED-8791-BE5A0B18779A}.Release|Any CPU.Build.0 = Release|Any CPU
	EndGlobalSection
	GlobalSection(SolutionProperties) = preSolution
		HideSolutionNode = FALSE
	EndGlobalSection
	GlobalSection(ExtensibilityGlobals) = postSolution
		SolutionGuid = {3296467B-7BB1-4BA8-AEC5-AC9E896B4F81}
	EndGlobalSection
EndGlobal
